
Microsoft Visual Studio Solution File, Format Version 12.00
# Visual Studio Version 16
VisualStudioVersion = 16.0.28803.156
MinimumVisualStudioVersion = 10.0.40219.1
Project("{FAE04EC0-301F-11D3-BF4B-00C04F79EFBC}") = "HackerEarth_6", "HackerEarth_6\HackerEarth_6.csproj", "{3EE90DE2-1947-4CFE-A708-07A1410F39B2}"
EndProject
Global
	GlobalSection(SolutionConfigurationPlatforms) = preSolution
		Debug|Any CPU = Debug|Any CPU
		Release|Any CPU = Release|Any CPU
	EndGlobalSection
	GlobalSection(ProjectConfigurationPlatforms) = postSolution
		{3EE90DE2-1947-4CFE-A708-07A1410F39B2}.Debug|Any CPU.ActiveCfg = Debug|Any CPU
		{3EE90DE2-1947-4CFE-A708-07A1410F39B2}.Debug|Any CPU.Build.0 = Debug|Any CPU
		{3EE90DE2-1947-4CFE-A708-07A1410F39B2}.Release|Any CPU.ActiveCfg = Release|Any CPU
		{3EE90DE2-1947-4CFE-A708-07A1410F39B2}.Release|Any CPU.Build.0 = Release|Any CPU
	EndGlobalSection
	GlobalSection(SolutionProperties) = preSolution
		HideSolutionNode = FALSE
	EndGlobalSection
	GlobalSection(ExtensibilityGlobals) = postSolution
		SolutionGuid = {11A51F54-E8F7-4C0A-80B7-01C03309D79D}
	EndGlobalSection
EndGlobal
